
Microsoft Visual Studio Solution File, Format Version 12.00
# Visual Studio Version 17
VisualStudioVersion = 17.10.35004.147
MinimumVisualStudioVersion = 10.0.40219.1
Project("{FAE04EC0-301F-11D3-BF4B-00C04F79EFBC}") = "routing in .net empty application", "routing in .net empty application\routing in .net empty application.csproj", "{68B8C280-926F-46AF-981E-9065ADAFAE69}"
EndProject
Global
	GlobalSection(SolutionConfigurationPlatforms) = preSolution
		Debug|Any CPU = Debug|Any CPU
		Release|Any CPU = Release|Any CPU
	EndGlobalSection
	GlobalSection(ProjectConfigurationPlatforms) = postSolution
		{68B8C280-926F-46AF-981E-9065ADAFAE69}.Debug|Any CPU.ActiveCfg = Debug|Any CPU
		{68B8C280-926F-46AF-981E-9065ADAFAE69}.Debug|Any CPU.Build.0 = Debug|Any CPU
		{68B8C280-926F-46AF-981E-9065ADAFAE69}.Release|Any CPU.ActiveCfg = Release|Any CPU
		{68B8C280-926F-46AF-981E-9065ADAFAE69}.Release|Any CPU.Build.0 = Release|Any CPU
	EndGlobalSection
	GlobalSection(SolutionProperties) = preSolution
		HideSolutionNode = FALSE
	EndGlobalSection
	GlobalSection(ExtensibilityGlobals) = postSolution
		SolutionGuid = {83AF1149-DAA4-4ABB-9CBE-E8B2E14C57D1}
	EndGlobalSection
EndGlobal
